
Microsoft Visual Studio Solution File, Format Version 12.00
# Visual Studio Version 16
VisualStudioVersion = 16.0.29424.173
MinimumVisualStudioVersion = 10.0.40219.1
Project("{FAE04EC0-301F-11D3-BF4B-00C04F79EFBC}") = "ClassPropertyReader", "ClassPropertyReader\ClassPropertyReader.csproj", "{BAB9AC24-D8FA-4FD4-AD9A-B9D62BFFB873}"
EndProject
Global
	GlobalSection(SolutionConfigurationPlatforms) = preSolution
		Debug|Any CPU = Debug|Any CPU
		Release|Any CPU = Release|Any CPU
	EndGlobalSection
	GlobalSection(ProjectConfigurationPlatforms) = postSolution
		{BAB9AC24-D8FA-4FD4-AD9A-B9D62BFFB873}.Debug|Any CPU.ActiveCfg = Debug|Any CPU
		{BAB9AC24-D8FA-4FD4-AD9A-B9D62BFFB873}.Debug|Any CPU.Build.0 = Debug|Any CPU
		{BAB9AC24-D8FA-4FD4-AD9A-B9D62BFFB873}.Release|Any CPU.ActiveCfg = Release|Any CPU
		{BAB9AC24-D8FA-4FD4-AD9A-B9D62BFFB873}.Release|Any CPU.Build.0 = Release|Any CPU
	EndGlobalSection
	GlobalSection(SolutionProperties) = preSolution
		HideSolutionNode = FALSE
	EndGlobalSection
	GlobalSection(ExtensibilityGlobals) = postSolution
		SolutionGuid = {2DDC64AF-459A-4A71-9F1C-735E8DE3DC7A}
	EndGlobalSection
EndGlobal
